
Microsoft Visual Studio Solution File, Format Version 12.00
# Visual Studio Version 16
VisualStudioVersion = 16.0.29920.165
MinimumVisualStudioVersion = 10.0.40219.1
Project("{FAE04EC0-301F-11D3-BF4B-00C04F79EFBC}") = "SC20260_AWS_Test_01", "SC20260_AWS_Test_01\SC20260_AWS_Test_01.csproj", "{7F833023-BC1C-46E8-84FD-24BFE5CD63A0}"
EndProject
Global
	GlobalSection(SolutionConfigurationPlatforms) = preSolution
		Debug|Any CPU = Debug|Any CPU
		Release|Any CPU = Release|Any CPU
	EndGlobalSection
	GlobalSection(ProjectConfigurationPlatforms) = postSolution
		{7F833023-BC1C-46E8-84FD-24BFE5CD63A0}.Debug|Any CPU.ActiveCfg = Debug|Any CPU
		{7F833023-BC1C-46E8-84FD-24BFE5CD63A0}.Debug|Any CPU.Build.0 = Debug|Any CPU
		{7F833023-BC1C-46E8-84FD-24BFE5CD63A0}.Debug|Any CPU.Deploy.0 = Debug|Any CPU
		{7F833023-BC1C-46E8-84FD-24BFE5CD63A0}.Release|Any CPU.ActiveCfg = Release|Any CPU
		{7F833023-BC1C-46E8-84FD-24BFE5CD63A0}.Release|Any CPU.Build.0 = Release|Any CPU
		{7F833023-BC1C-46E8-84FD-24BFE5CD63A0}.Release|Any CPU.Deploy.0 = Release|Any CPU
	EndGlobalSection
	GlobalSection(SolutionProperties) = preSolution
		HideSolutionNode = FALSE
	EndGlobalSection
	GlobalSection(ExtensibilityGlobals) = postSolution
		SolutionGuid = {8A793885-424A-4469-B9E1-72DF305A741A}
	EndGlobalSection
EndGlobal
